
Microsoft Visual Studio Solution File, Format Version 12.00
# Visual Studio Version 17
VisualStudioVersion = 17.14.36429.23
MinimumVisualStudioVersion = 10.0.40219.1
Project("{2150E333-8FDC-42A3-9474-1A3956D46DE8}") = "Task0", "Task0", "{02EA681E-C7D8-13C7-8484-4AC65E1B71E8}"
EndProject
Project("{FAE04EC0-301F-11D3-BF4B-00C04F79EFBC}") = "Tyuiu.SokolovaHS.Sprint1.Task0.V12", "Tyuiu.SokolovaHS.Sprint1.Task0.V12\Tyuiu.SokolovaHS.Sprint1.Task0.V12.csproj", "{F222A7FD-6919-46C3-A5C6-8AB87B348FF3}"
EndProject
Project("{FAE04EC0-301F-11D3-BF4B-00C04F79EFBC}") = "Tyuiu.SokolovaHS.Sprint1.Task0.V12.Lib", "Tyuiu.SokolovaHS.Sprint1.Task0.V12.Lib\Tyuiu.SokolovaHS.Sprint1.Task0.V12.Lib.csproj", "{92A6F1E4-4F7D-4ED9-A69F-7ED0537AA7B7}"
EndProject
Project("{FAE04EC0-301F-11D3-BF4B-00C04F79EFBC}") = "Tyuiu.SokolovaHS.Sprint1.Task0.V12.Test", "Tyuiu.SokolovaHS.Sprint1.Task0.V12.Test\Tyuiu.SokolovaHS.Sprint1.Task0.V12.Test.csproj", "{B301860E-AA28-4A25-AA10-D54540D0D0CA}"
EndProject
Project("{2150E333-8FDC-42A3-9474-1A3956D46DE8}") = "Task1", "Task1", "{A9C012ED-950B-4424-BC14-D0C9F92ED1AD}"
EndProject
Project("{FAE04EC0-301F-11D3-BF4B-00C04F79EFBC}") = "Tyuiu.SokolovaHS.Sprint1.Task1.V2", "Tyuiu.SokolovaHS.Sprint1.Task1.V2\Tyuiu.SokolovaHS.Sprint1.Task1.V2.csproj", "{B7CF9EFB-4664-4989-A6D3-5371108BC020}"
EndProject
Project("{FAE04EC0-301F-11D3-BF4B-00C04F79EFBC}") = "Tyuiu.SokolovaHS.Sprint1.Task1.V2.Lib", "Tyuiu.SokolovaHS.Sprint1.Task1.V2.Lib\Tyuiu.SokolovaHS.Sprint1.Task1.V2.Lib.csproj", "{6A8F101F-DD56-4985-8A8D-C8642C93B467}"
EndProject
Project("{FAE04EC0-301F-11D3-BF4B-00C04F79EFBC}") = "Tyuiu.SokolovaHS.Sprint1.Task1.V2.Test", "Tyuiu.SokolovaHS.Sprint1.Task1.V2.Test\Tyuiu.SokolovaHS.Sprint1.Task1.V2.Test.csproj", "{3B66EEDB-1A19-483C-B747-A1BFC99D37EF}"
EndProject
Project("{2150E333-8FDC-42A3-9474-1A3956D46DE8}") = "Task2", "Task2", "{D7B9E7E3-133D-4756-B429-374792222224}"
EndProject
Project("{FAE04EC0-301F-11D3-BF4B-00C04F79EFBC}") = "Tyuiu.SokolovaHS.Sprint1.Task2.V1", "Tyuiu.SokolovaHS.Sprint1.Task2.V1\Tyuiu.SokolovaHS.Sprint1.Task2.V1.csproj", "{60C5B8A4-4154-48D9-ABFD-C8F513F4E7F3}"
EndProject
Project("{FAE04EC0-301F-11D3-BF4B-00C04F79EFBC}") = "Tyuiu.SokolovaHS.Sprint1.Task2.V1.Lib", "Tyuiu.SokolovaHS.Sprint1.Task2.V1.Lib\Tyuiu.SokolovaHS.Sprint1.Task2.V1.Lib.csproj", "{305CE3E5-34D1-41A9-826F-B2917A7D3F80}"
EndProject
Project("{FAE04EC0-301F-11D3-BF4B-00C04F79EFBC}") = "Tyuiu.SokolovaHS.Sprint1.Task2.V1.Test", "Tyuiu.SokolovaHS.Sprint1.Task2.V1.Test\Tyuiu.SokolovaHS.Sprint1.Task2.V1.Test.csproj", "{B8F48293-C87A-430D-A212-7A5D0DFFA5E5}"
EndProject
Project("{2150E333-8FDC-42A3-9474-1A3956D46DE8}") = "Task3", "Task3", "{358277E2-A24C-4F18-9C5F-77E1F693E171}"
EndProject
Project("{FAE04EC0-301F-11D3-BF4B-00C04F79EFBC}") = "Tyuiu.SokolovaHS.Sprint1.Task3.V13", "Tyuiu.SokolovaHS.Sprint1.Task3.V13\Tyuiu.SokolovaHS.Sprint1.Task3.V13.csproj", "{1F54AFED-FC2B-4CBC-8E9A-9AF5CAD6FF3D}"
EndProject
Project("{FAE04EC0-301F-11D3-BF4B-00C04F79EFBC}") = "Tyuiu.SokolovaHS.Sprint1.Task3.V13.Lib", "Tyuiu.SokolovaHS.Sprint1.Task3.V13.Lib\Tyuiu.SokolovaHS.Sprint1.Task3.V13.Lib.csproj", "{A3016751-9704-46F3-ACCE-ED1F38A602D7}"
EndProject
Project("{FAE04EC0-301F-11D3-BF4B-00C04F79EFBC}") = "Tyuiu.SokolovaHS.Sprint1.Task3.V13.Test", "Tyuiu.SokolovaHS.Sprint1.Task3.V13.Test\Tyuiu.SokolovaHS.Sprint1.Task3.V13.Test.csproj", "{BA996BB4-A70C-4346-945A-6DDA6C3EAC19}"
EndProject
Project("{2150E333-8FDC-42A3-9474-1A3956D46DE8}") = "Task4", "Task4", "{ED874FE2-A062-4EFA-81DA-51F22A6096A8}"
EndProject
Project("{FAE04EC0-301F-11D3-BF4B-00C04F79EFBC}") = "Tyuiu.SokolovaHS.Sprint1.Task4.V3", "Tyuiu.SokolovaHS.Sprint1.Task4.V3\Tyuiu.SokolovaHS.Sprint1.Task4.V3.csproj", "{9719A1A0-EAD1-4EC5-9603-37C84150D5DF}"
EndProject
Project("{FAE04EC0-301F-11D3-BF4B-00C04F79EFBC}") = "Tyuiu.SokolovaHS.Sprint1.Task4.V3.Lib", "Tyuiu.SokolovaHS.Sprint1.Task4.V3.Lib\Tyuiu.SokolovaHS.Sprint1.Task4.V3.Lib.csproj", "{04E9E75C-57A7-4FA7-8C80-EFD98E083412}"
EndProject
Project("{FAE04EC0-301F-11D3-BF4B-00C04F79EFBC}") = "Tyuiu.SokolovaHS.Sprint1.Task4.V3.Test", "Tyuiu.SokolovaHS.Sprint1.Task4.V3.Test\Tyuiu.SokolovaHS.Sprint1.Task4.V3.Test.csproj", "{90BCF793-57B5-4FED-A3CC-8502C55DA2F2}"
EndProject
Project("{2150E333-8FDC-42A3-9474-1A3956D46DE8}") = "Task5", "Task5", "{F117EA09-1376-44C5-B288-52AA8DE7F52F}"
EndProject
Project("{FAE04EC0-301F-11D3-BF4B-00C04F79EFBC}") = "Tyuiu.SokolovaHS.Sprint1.Task5.V2", "Tyuiu.SokolovaHS.Sprint1.Task5.V2\Tyuiu.SokolovaHS.Sprint1.Task5.V2.csproj", "{25297C47-C786-4978-8DC4-5CBB6AA5F338}"
EndProject
Project("{FAE04EC0-301F-11D3-BF4B-00C04F79EFBC}") = "Tyuiu.SokolovaHS.Sprint1.Task5.V2.Lib", "Tyuiu.SokolovaHS.Sprint1.Task5.V2.Lib\Tyuiu.SokolovaHS.Sprint1.Task5.V2.Lib.csproj", "{B9AECF4C-3841-4E12-9187-F17E2D04D8E8}"
EndProject
Project("{FAE04EC0-301F-11D3-BF4B-00C04F79EFBC}") = "Tyuiu.SokolovaHS.Sprint1.Task5.V2.Test", "Tyuiu.SokolovaHS.Sprint1.Task5.V2.Test\Tyuiu.SokolovaHS.Sprint1.Task5.V2.Test.csproj", "{9D49B3E9-49B7-45E3-BBF0-17EAD3891FE3}"
EndProject
Global
	GlobalSection(SolutionConfigurationPlatforms) = preSolution
		Debug|Any CPU = Debug|Any CPU
		Release|Any CPU = Release|Any CPU
	EndGlobalSection
	GlobalSection(ProjectConfigurationPlatforms) = postSolution
		{F222A7FD-6919-46C3-A5C6-8AB87B348FF3}.Debug|Any CPU.ActiveCfg = Debug|Any CPU
		{F222A7FD-6919-46C3-A5C6-8AB87B348FF3}.Debug|Any CPU.Build.0 = Debug|Any CPU
		{F222A7FD-6919-46C3-A5C6-8AB87B348FF3}.Release|Any CPU.ActiveCfg = Release|Any CPU
		{F222A7FD-6919-46C3-A5C6-8AB87B348FF3}.Release|Any CPU.Build.0 = Release|Any CPU
		{92A6F1E4-4F7D-4ED9-A69F-7ED0537AA7B7}.Debug|Any CPU.ActiveCfg = Debug|Any CPU
		{92A6F1E4-4F7D-4ED9-A69F-7ED0537AA7B7}.Debug|Any CPU.Build.0 = Debug|Any CPU
		{92A6F1E4-4F7D-4ED9-A69F-7ED0537AA7B7}.Release|Any CPU.ActiveCfg = Release|Any CPU
		{92A6F1E4-4F7D-4ED9-A69F-7ED0537AA7B7}.Release|Any CPU.Build.0 = Release|Any CPU
		{B301860E-AA28-4A25-AA10-D54540D0D0CA}.Debug|Any CPU.ActiveCfg = Debug|Any CPU
		{B301860E-AA28-4A25-AA10-D54540D0D0CA}.Debug|Any CPU.Build.0 = Debug|Any CPU
		{B301860E-AA28-4A25-AA10-D54540D0D0CA}.Release|Any CPU.ActiveCfg = Release|Any CPU
		{B301860E-AA28-4A25-AA10-D54540D0D0CA}.Release|Any CPU.Build.0 = Release|Any CPU
		{B7CF9EFB-4664-4989-A6D3-5371108BC020}.Debug|Any CPU.ActiveCfg = Debug|Any CPU
		{B7CF9EFB-4664-4989-A6D3-5371108BC020}.Debug|Any CPU.Build.0 = Debug|Any CPU
		{B7CF9EFB-4664-4989-A6D3-5371108BC020}.Release|Any CPU.ActiveCfg = Release|Any CPU
		{B7CF9EFB-4664-4989-A6D3-5371108BC020}.Release|Any CPU.Build.0 = Release|Any CPU
		{6A8F101F-DD56-4985-8A8D-C8642C93B467}.Debug|Any CPU.ActiveCfg = Debug|Any CPU
		{6A8F101F-DD56-4985-8A8D-C8642C93B467}.Debug|Any CPU.Build.0 = Debug|Any CPU
		{6A8F101F-DD56-4985-8A8D-C8642C93B467}.Release|Any CPU.ActiveCfg = Release|Any CPU
		{6A8F101F-DD56-4985-8A8D-C8642C93B467}.Release|Any CPU.Build.0 = Release|Any CPU
		{3B66EEDB-1A19-483C-B747-A1BFC99D37EF}.Debug|Any CPU.ActiveCfg = Debug|Any CPU
		{3B66EEDB-1A19-483C-B747-A1BFC99D37EF}.Debug|Any CPU.Build.0 = Debug|Any CPU
		{3B66EEDB-1A19-483C-B747-A1BFC99D37EF}.Release|Any CPU.ActiveCfg = Release|Any CPU
		{3B66EEDB-1A19-483C-B747-A1BFC99D37EF}.Release|Any CPU.Build.0 = Release|Any CPU
		{60C5B8A4-4154-48D9-ABFD-C8F513F4E7F3}.Debug|Any CPU.ActiveCfg = Debug|Any CPU
		{60C5B8A4-4154-48D9-ABFD-C8F513F4E7F3}.Debug|Any CPU.Build.0 = Debug|Any CPU
		{60C5B8A4-4154-48D9-ABFD-C8F513F4E7F3}.Release|Any CPU.ActiveCfg = Release|Any CPU
		{60C5B8A4-4154-48D9-ABFD-C8F513F4E7F3}.Release|Any CPU.Build.0 = Release|Any CPU
		{305CE3E5-34D1-41A9-826F-B2917A7D3F80}.Debug|Any CPU.ActiveCfg = Debug|Any CPU
		{305CE3E5-34D1-41A9-826F-B2917A7D3F80}.Debug|Any CPU.Build.0 = Debug|Any CPU
		{305CE3E5-34D1-41A9-826F-B2917A7D3F80}.Release|Any CPU.ActiveCfg = Release|Any CPU
		{305CE3E5-34D1-41A9-826F-B2917A7D3F80}.Release|Any CPU.Build.0 = Release|Any CPU
		{B8F48293-C87A-430D-A212-7A5D0DFFA5E5}.Debug|Any CPU.ActiveCfg = Debug|Any CPU
		{B8F48293-C87A-430D-A212-7A5D0DFFA5E5}.Debug|Any CPU.Build.0 = Debug|Any CPU
		{B8F48293-C87A-430D-A212-7A5D0DFFA5E5}.Release|Any CPU.ActiveCfg = Release|Any CPU
		{B8F48293-C87A-430D-A212-7A5D0DFFA5E5}.Release|Any CPU.Build.0 = Release|Any CPU
		{1F54AFED-FC2B-4CBC-8E9A-9AF5CAD6FF3D}.Debug|Any CPU.ActiveCfg = Debug|Any CPU
		{1F54AFED-FC2B-4CBC-8E9A-9AF5CAD6FF3D}.Debug|Any CPU.Build.0 = Debug|Any CPU
		{1F54AFED-FC2B-4CBC-8E9A-9AF5CAD6FF3D}.Release|Any CPU.ActiveCfg = Release|Any CPU
		{1F54AFED-FC2B-4CBC-8E9A-9AF5CAD6FF3D}.Release|Any CPU.Build.0 = Release|Any CPU
		{A3016751-9704-46F3-ACCE-ED1F38A602D7}.Debug|Any CPU.ActiveCfg = Debug|Any CPU
		{A3016751-9704-46F3-ACCE-ED1F38A602D7}.Debug|Any CPU.Build.0 = Debug|Any CPU
		{A3016751-9704-46F3-ACCE-ED1F38A602D7}.Release|Any CPU.ActiveCfg = Release|Any CPU
		{A3016751-9704-46F3-ACCE-ED1F38A602D7}.Release|Any CPU.Build.0 = Release|Any CPU
		{BA996BB4-A70C-4346-945A-6DDA6C3EAC19}.Debug|Any CPU.ActiveCfg = Debug|Any CPU
		{BA996BB4-A70C-4346-945A-6DDA6C3EAC19}.Debug|Any CPU.Build.0 = Debug|Any CPU
		{BA996BB4-A70C-4346-945A-6DDA6C3EAC19}.Release|Any CPU.ActiveCfg = Release|Any CPU
		{BA996BB4-A70C-4346-945A-6DDA6C3EAC19}.Release|Any CPU.Build.0 = Release|Any CPU
		{9719A1A0-EAD1-4EC5-9603-37C84150D5DF}.Debug|Any CPU.ActiveCfg = Debug|Any CPU
		{9719A1A0-EAD1-4EC5-9603-37C84150D5DF}.Debug|Any CPU.Build.0 = Debug|Any CPU
		{9719A1A0-EAD1-4EC5-9603-37C84150D5DF}.Release|Any CPU.ActiveCfg = Release|Any CPU
		{9719A1A0-EAD1-4EC5-9603-37C84150D5DF}.Release|Any CPU.Build.0 = Release|Any CPU
		{04E9E75C-57A7-4FA7-8C80-EFD98E083412}.Debug|Any CPU.ActiveCfg = Debug|Any CPU
		{04E9E75C-57A7-4FA7-8C80-EFD98E083412}.Debug|Any CPU.Build.0 = Debug|Any CPU
		{04E9E75C-57A7-4FA7-8C80-EFD98E083412}.Release|Any CPU.ActiveCfg = Release|Any CPU
		{04E9E75C-57A7-4FA7-8C80-EFD98E083412}.Release|Any CPU.Build.0 = Release|Any CPU
		{90BCF793-57B5-4FED-A3CC-8502C55DA2F2}.Debug|Any CPU.ActiveCfg = Debug|Any CPU
		{90BCF793-57B5-4FED-A3CC-8502C55DA2F2}.Debug|Any CPU.Build.0 = Debug|Any CPU
		{90BCF793-57B5-4FED-A3CC-8502C55DA2F2}.Release|Any CPU.ActiveCfg = Release|Any CPU
		{90BCF793-57B5-4FED-A3CC-8502C55DA2F2}.Release|Any CPU.Build.0 = Release|Any CPU
		{25297C47-C786-4978-8DC4-5CBB6AA5F338}.Debug|Any CPU.ActiveCfg = Debug|Any CPU
		{25297C47-C786-4978-8DC4-5CBB6AA5F338}.Debug|Any CPU.Build.0 = Debug|Any CPU
		{25297C47-C786-4978-8DC4-5CBB6AA5F338}.Release|Any CPU.ActiveCfg = Release|Any CPU
		{25297C47-C786-4978-8DC4-5CBB6AA5F338}.Release|Any CPU.Build.0 = Release|Any CPU
		{B9AECF4C-3841-4E12-9187-F17E2D04D8E8}.Debug|Any CPU.ActiveCfg = Debug|Any CPU
		{B9AECF4C-3841-4E12-9187-F17E2D04D8E8}.Debug|Any CPU.Build.0 = Debug|Any CPU
		{B9AECF4C-3841-4E12-9187-F17E2D04D8E8}.Release|Any CPU.ActiveCfg = Release|Any CPU
		{B9AECF4C-3841-4E12-9187-F17E2D04D8E8}.Release|Any CPU.Build.0 = Release|Any CPU
		{9D49B3E9-49B7-45E3-BBF0-17EAD3891FE3}.Debug|Any CPU.ActiveCfg = Debug|Any CPU
		{9D49B3E9-49B7-45E3-BBF0-17EAD3891FE3}.Debug|Any CPU.Build.0 = Debug|Any CPU
		{9D49B3E9-49B7-45E3-BBF0-17EAD3891FE3}.Release|Any CPU.ActiveCfg = Release|Any CPU
		{9D49B3E9-49B7-45E3-BBF0-17EAD3891FE3}.Release|Any CPU.Build.0 = Release|Any CPU
	EndGlobalSection
	GlobalSection(SolutionProperties) = preSolution
		HideSolutionNode = FALSE
	EndGlobalSection
	GlobalSection(NestedProjects) = preSolution
		{F222A7FD-6919-46C3-A5C6-8AB87B348FF3} = {02EA681E-C7D8-13C7-8484-4AC65E1B71E8}
		{92A6F1E4-4F7D-4ED9-A69F-7ED0537AA7B7} = {02EA681E-C7D8-13C7-8484-4AC65E1B71E8}
		{B301860E-AA28-4A25-AA10-D54540D0D0CA} = {02EA681E-C7D8-13C7-8484-4AC65E1B71E8}
		{B7CF9EFB-4664-4989-A6D3-5371108BC020} = {A9C012ED-950B-4424-BC14-D0C9F92ED1AD}
		{6A8F101F-DD56-4985-8A8D-C8642C93B467} = {A9C012ED-950B-4424-BC14-D0C9F92ED1AD}
		{3B66EEDB-1A19-483C-B747-A1BFC99D37EF} = {A9C012ED-950B-4424-BC14-D0C9F92ED1AD}
		{60C5B8A4-4154-48D9-ABFD-C8F513F4E7F3} = {D7B9E7E3-133D-4756-B429-374792222224}
		{305CE3E5-34D1-41A9-826F-B2917A7D3F80} = {D7B9E7E3-133D-4756-B429-374792222224}
		{B8F48293-C87A-430D-A212-7A5D0DFFA5E5} = {D7B9E7E3-133D-4756-B429-374792222224}
		{1F54AFED-FC2B-4CBC-8E9A-9AF5CAD6FF3D} = {358277E2-A24C-4F18-9C5F-77E1F693E171}
		{A3016751-9704-46F3-ACCE-ED1F38A602D7} = {358277E2-A24C-4F18-9C5F-77E1F693E171}
		{BA996BB4-A70C-4346-945A-6DDA6C3EAC19} = {358277E2-A24C-4F18-9C5F-77E1F693E171}
		{9719A1A0-EAD1-4EC5-9603-37C84150D5DF} = {ED874FE2-A062-4EFA-81DA-51F22A6096A8}
		{04E9E75C-57A7-4FA7-8C80-EFD98E083412} = {ED874FE2-A062-4EFA-81DA-51F22A6096A8}
		{90BCF793-57B5-4FED-A3CC-8502C55DA2F2} = {ED874FE2-A062-4EFA-81DA-51F22A6096A8}
		{25297C47-C786-4978-8DC4-5CBB6AA5F338} = {F117EA09-1376-44C5-B288-52AA8DE7F52F}
		{B9AECF4C-3841-4E12-9187-F17E2D04D8E8} = {F117EA09-1376-44C5-B288-52AA8DE7F52F}
		{9D49B3E9-49B7-45E3-BBF0-17EAD3891FE3} = {F117EA09-1376-44C5-B288-52AA8DE7F52F}
	EndGlobalSection
	GlobalSection(ExtensibilityGlobals) = postSolution
		SolutionGuid = {11BE4017-5E56-4FAB-9984-6E4CF5A4489D}
	EndGlobalSection
EndGlobal
